# This file is automatically @generated by Cargo.
# It is not intended for manual editing.
version = 4

[[package]]
name = "pith-digest"
version = "0.1.0"
source = "git+https://github.com/pith-hash/pith-digest.git?branch=main#3d1f384fd58105e519b70d73216621ed30b4b854"

[[package]]
name = "pith-h264"
version = "0.1.0"
source = "git+https://github.com/pith-hash/pith-h264.git?branch=main#fdec530301669046cf7d015aba186edfa8009fb8"
dependencies = [
 "pith-digest",
]

[[package]]
name = "pith-image"
version = "0.1.0"
source = "git+https://github.com/pith-hash/pith-image.git?branch=main#548c7c9bcb0072db07ca568283686be224c20bfa"
dependencies = [
 "pith-digest",
 "pith-math",
]

[[package]]
name = "pith-math"
version = "0.1.0"
source = "git+https://github.com/pith-hash/pith-math.git?branch=main#889cfc936af37f3708a49faafff1d9bc169d78b4"

[[package]]
name = "pith-mp4"
version = "0.1.0"
source = "git+https://github.com/pith-hash/pith-mp4.git?branch=main#a015a54ad4edbeaceab2093744e3ebc3e3d65311"
dependencies = [
 "pith-digest",
]

[[package]]
name = "pith-text"
version = "0.1.0"
source = "git+https://github.com/pith-hash/pith-text.git?branch=main#f92696754b2da250c33b3a3934810d45f850f5a0"
dependencies = [
 "pith-digest",
 "pith-unicode",
]

[[package]]
name = "pith-unicode"
version = "0.1.0"
source = "git+https://github.com/pith-hash/pith-unicode.git?branch=main#6eb95e6aa6edeafc78c38bca06d8d537216934dc"

[[package]]
name = "pith-video"
version = "0.1.0"
dependencies = [
 "pith-digest",
 "pith-h264",
 "pith-image",
 "pith-mp4",
 "pith-text",
]
